
Microsoft Visual Studio Solution File, Format Version 12.00
# Visual Studio Version 17
VisualStudioVersion = 17.7.34024.191
MinimumVisualStudioVersion = 10.0.40219.1
Project("{FAE04EC0-301F-11D3-BF4B-00C04F79EFBC}") = "AcAPI", "AcAPI.csproj", "{0568E89C-ED9E-47B1-912C-73C4E05CEEF0}"
EndProject
Global
	GlobalSection(SolutionConfigurationPlatforms) = preSolution
		Debug|Any CPU = Debug|Any CPU
		Release|Any CPU = Release|Any CPU
	EndGlobalSection
	GlobalSection(ProjectConfigurationPlatforms) = postSolution
		{0568E89C-ED9E-47B1-912C-73C4E05CEEF0}.Debug|Any CPU.ActiveCfg = Debug|Any CPU
		{0568E89C-ED9E-47B1-912C-73C4E05CEEF0}.Debug|Any CPU.Build.0 = Debug|Any CPU
		{0568E89C-ED9E-47B1-912C-73C4E05CEEF0}.Release|Any CPU.ActiveCfg = Release|Any CPU
		{0568E89C-ED9E-47B1-912C-73C4E05CEEF0}.Release|Any CPU.Build.0 = Release|Any CPU
	EndGlobalSection
	GlobalSection(SolutionProperties) = preSolution
		HideSolutionNode = FALSE
	EndGlobalSection
	GlobalSection(ExtensibilityGlobals) = postSolution
		SolutionGuid = {8D931987-FD34-45E4-814D-7DC80C3E89F6}
	EndGlobalSection
EndGlobal
